<?xml version="1.0" encoding="utf-8"?>
<Project ToolsVersion="4.0" xmlns="http://schemas.microsoft.com/developer/msbuild/2003">
  <ItemGroup>
    <Library Include="chakra.lib" />
  </ItemGroup>
  <ItemGroup>
    <ClCompile Include="插件模块.cpp" />
    <ClCompile Include="预编译头.cpp" />
  </ItemGroup>
  <ItemGroup>
    <ClInclude Include="预编译头.h" />
  </ItemGroup>
</Project>